
Microsoft Visual Studio Solution File, Format Version 12.00
# Visual Studio Version 16
VisualStudioVersion = 16.0.29215.179
MinimumVisualStudioVersion = 10.0.40219.1
Project("{9A19103F-16F7-4668-BE54-9A1E7A4F7556}") = "RestaurantOrder", "RestaurantOrder\RestaurantOrder.csproj", "{DCD01064-1ECC-46D9-ADC6-E423D70192D9}"
EndProject
Project("{9A19103F-16F7-4668-BE54-9A1E7A4F7556}") = "RestaurantClasses", "RestauranteClasses\RestaurantClasses.csproj", "{61AEE04D-5510-4A1A-970F-F0E208FDCF3F}"
EndProject
Project("{FAE04EC0-301F-11D3-BF4B-00C04F79EFBC}") = "RestaurantOrderTest", "RestaurantOrderTest\RestaurantOrderTest.csproj", "{307099FF-EBF1-4D94-B8D3-70ED1C322DF5}"
EndProject
Global
	GlobalSection(SolutionConfigurationPlatforms) = preSolution
		Debug|Any CPU = Debug|Any CPU
		Release|Any CPU = Release|Any CPU
	EndGlobalSection
	GlobalSection(ProjectConfigurationPlatforms) = postSolution
		{DCD01064-1ECC-46D9-ADC6-E423D70192D9}.Debug|Any CPU.ActiveCfg = Debug|Any CPU
		{DCD01064-1ECC-46D9-ADC6-E423D70192D9}.Debug|Any CPU.Build.0 = Debug|Any CPU
		{DCD01064-1ECC-46D9-ADC6-E423D70192D9}.Release|Any CPU.ActiveCfg = Release|Any CPU
		{DCD01064-1ECC-46D9-ADC6-E423D70192D9}.Release|Any CPU.Build.0 = Release|Any CPU
		{61AEE04D-5510-4A1A-970F-F0E208FDCF3F}.Debug|Any CPU.ActiveCfg = Debug|Any CPU
		{61AEE04D-5510-4A1A-970F-F0E208FDCF3F}.Debug|Any CPU.Build.0 = Debug|Any CPU
		{61AEE04D-5510-4A1A-970F-F0E208FDCF3F}.Release|Any CPU.ActiveCfg = Release|Any CPU
		{61AEE04D-5510-4A1A-970F-F0E208FDCF3F}.Release|Any CPU.Build.0 = Release|Any CPU
		{307099FF-EBF1-4D94-B8D3-70ED1C322DF5}.Debug|Any CPU.ActiveCfg = Debug|Any CPU
		{307099FF-EBF1-4D94-B8D3-70ED1C322DF5}.Debug|Any CPU.Build.0 = Debug|Any CPU
		{307099FF-EBF1-4D94-B8D3-70ED1C322DF5}.Release|Any CPU.ActiveCfg = Release|Any CPU
		{307099FF-EBF1-4D94-B8D3-70ED1C322DF5}.Release|Any CPU.Build.0 = Release|Any CPU
	EndGlobalSection
	GlobalSection(SolutionProperties) = preSolution
		HideSolutionNode = FALSE
	EndGlobalSection
	GlobalSection(ExtensibilityGlobals) = postSolution
		SolutionGuid = {5AB745BF-A72D-460C-8614-12109EBD8355}
	EndGlobalSection
EndGlobal
